// !$*UTF8*$!
{
	archiveVersion = 1;
	classes = {
	};
	objectVersion = 56;
	objects = {

/* Begin PBXBuildFile section */
		A10000000000000000000001 /* rShotApp.swift in Sources */ = {isa = PBXBuildFile; fileRef = B10000000000000000000001 /* rShotApp.swift */; };
		A10000000000000000000002 /* AppState.swift in Sources */ = {isa = PBXBuildFile; fileRef = B10000000000000000000002 /* AppState.swift */; };
		A10000000000000000000003 /* CaptureEngine.swift in Sources */ = {isa = PBXBuildFile; fileRef = B10000000000000000000003 /* CaptureEngine.swift */; };
		A10000000000000000000004 /* CaptureOverlay.swift in Sources */ = {isa = PBXBuildFile; fileRef = B10000000000000000000004 /* CaptureOverlay.swift */; };
		A10000000000000000000005 /* AnnotationModel.swift in Sources */ = {isa = PBXBuildFile; fileRef = B10000000000000000000005 /* AnnotationModel.swift */; };
		A10000000000000000000006 /* AnnotationDocument.swift in Sources */ = {isa = PBXBuildFile; fileRef = B10000000000000000000006 /* AnnotationDocument.swift */; };
		A10000000000000000000008 /* CanvasView.swift in Sources */ = {isa = PBXBuildFile; fileRef = B10000000000000000000008 /* CanvasView.swift */; };
		A10000000000000000000009 /* EditorToolbar.swift in Sources */ = {isa = PBXBuildFile; fileRef = B10000000000000000000009 /* EditorToolbar.swift */; };
		A1000000000000000000000A /* OCRService.swift in Sources */ = {isa = PBXBuildFile; fileRef = B1000000000000000000000A /* OCRService.swift */; };
		A1000000000000000000000B /* OCRResultView.swift in Sources */ = {isa = PBXBuildFile; fileRef = B1000000000000000000000B /* OCRResultView.swift */; };
		A1000000000000000000000C /* FileService.swift in Sources */ = {isa = PBXBuildFile; fileRef = B1000000000000000000000C /* FileService.swift */; };
		A1000000000000000000000D /* AppSettings.swift in Sources */ = {isa = PBXBuildFile; fileRef = B1000000000000000000000D /* AppSettings.swift */; };
		A1000000000000000000000E /* SettingsView.swift in Sources */ = {isa = PBXBuildFile; fileRef = B1000000000000000000000E /* SettingsView.swift */; };
		A1BE00000000000000000001 /* ToastCenter.swift in Sources */ = {isa = PBXBuildFile; fileRef = B1BE00000000000000000001 /* ToastCenter.swift */; };
		A1FE00000000000000000002 /* Hotkeys.swift in Sources */ = {isa = PBXBuildFile; fileRef = B1FE00000000000000000001 /* Hotkeys.swift */; };
		A1FE00000000000000000003 /* WindowPicker.swift in Sources */ = {isa = PBXBuildFile; fileRef = B1FE00000000000000000002 /* WindowPicker.swift */; };
		TA1000000000000000000001 /* AnnotationModelTests.swift in Sources */ = {isa = PBXBuildFile; fileRef = TB1000000000000000000001 /* AnnotationModelTests.swift */; };
		TA1000000000000000000002 /* AnnotationDocumentTests.swift in Sources */ = {isa = PBXBuildFile; fileRef = TB1000000000000000000002 /* AnnotationDocumentTests.swift */; };
		TA1000000000000000000003 /* OutputAndSettingsTests.swift in Sources */ = {isa = PBXBuildFile; fileRef = TB1000000000000000000003 /* OutputAndSettingsTests.swift */; };
		A1BE00000000000000000002 /* OCRPanelController.swift in Sources */ = {isa = PBXBuildFile; fileRef = B1BE00000000000000000002 /* OCRPanelController.swift */; };
		A1BE00000000000000000003 /* MosaicRenderer.swift in Sources */ = {isa = PBXBuildFile; fileRef = B1BE00000000000000000003 /* MosaicRenderer.swift */; };
		A1FE00000000000000000001 /* KeyboardShortcuts in Frameworks */ = {isa = PBXBuildFile; productRef = A2FE00000000000000000001 /* KeyboardShortcuts */; };
		A1000000000000000000000F /* Assets.xcassets in Resources */ = {isa = PBXBuildFile; fileRef = B1000000000000000000000F /* Assets.xcassets */; };
/* End PBXBuildFile section */

/* Begin PBXFileReference section */
		B10000000000000000000001 /* rShotApp.swift */ = {isa = PBXFileReference; lastKnownFileType = sourcecode.swift; path = rShotApp.swift; sourceTree = "<group>"; };
		B10000000000000000000002 /* AppState.swift */ = {isa = PBXFileReference; lastKnownFileType = sourcecode.swift; path = AppState.swift; sourceTree = "<group>"; };
		B10000000000000000000003 /* CaptureEngine.swift */ = {isa = PBXFileReference; lastKnownFileType = sourcecode.swift; path = CaptureEngine.swift; sourceTree = "<group>"; };
		B10000000000000000000004 /* CaptureOverlay.swift */ = {isa = PBXFileReference; lastKnownFileType = sourcecode.swift; path = CaptureOverlay.swift; sourceTree = "<group>"; };
		B10000000000000000000005 /* AnnotationModel.swift */ = {isa = PBXFileReference; lastKnownFileType = sourcecode.swift; path = AnnotationModel.swift; sourceTree = "<group>"; };
		B10000000000000000000006 /* AnnotationDocument.swift */ = {isa = PBXFileReference; lastKnownFileType = sourcecode.swift; path = AnnotationDocument.swift; sourceTree = "<group>"; };
		B10000000000000000000008 /* CanvasView.swift */ = {isa = PBXFileReference; lastKnownFileType = sourcecode.swift; path = CanvasView.swift; sourceTree = "<group>"; };
		B10000000000000000000009 /* EditorToolbar.swift */ = {isa = PBXFileReference; lastKnownFileType = sourcecode.swift; path = EditorToolbar.swift; sourceTree = "<group>"; };
		B1000000000000000000000A /* OCRService.swift */ = {isa = PBXFileReference; lastKnownFileType = sourcecode.swift; path = OCRService.swift; sourceTree = "<group>"; };
		B1000000000000000000000B /* OCRResultView.swift */ = {isa = PBXFileReference; lastKnownFileType = sourcecode.swift; path = OCRResultView.swift; sourceTree = "<group>"; };
		B1000000000000000000000C /* FileService.swift */ = {isa = PBXFileReference; lastKnownFileType = sourcecode.swift; path = FileService.swift; sourceTree = "<group>"; };
		B1000000000000000000000D /* AppSettings.swift */ = {isa = PBXFileReference; lastKnownFileType = sourcecode.swift; path = AppSettings.swift; sourceTree = "<group>"; };
		B1000000000000000000000E /* SettingsView.swift */ = {isa = PBXFileReference; lastKnownFileType = sourcecode.swift; path = SettingsView.swift; sourceTree = "<group>"; };
		B1BE00000000000000000001 /* ToastCenter.swift */ = {isa = PBXFileReference; lastKnownFileType = sourcecode.swift; path = ToastCenter.swift; sourceTree = "<group>"; };
		B1BE00000000000000000002 /* OCRPanelController.swift */ = {isa = PBXFileReference; lastKnownFileType = sourcecode.swift; path = OCRPanelController.swift; sourceTree = "<group>"; };
		B1BE00000000000000000003 /* MosaicRenderer.swift */ = {isa = PBXFileReference; lastKnownFileType = sourcecode.swift; path = MosaicRenderer.swift; sourceTree = "<group>"; };
		B1FE00000000000000000001 /* Hotkeys.swift */ = {isa = PBXFileReference; lastKnownFileType = sourcecode.swift; path = Hotkeys.swift; sourceTree = "<group>"; };
		B1FE00000000000000000002 /* WindowPicker.swift */ = {isa = PBXFileReference; lastKnownFileType = sourcecode.swift; path = WindowPicker.swift; sourceTree = "<group>"; };
		TB1000000000000000000001 /* AnnotationModelTests.swift */ = {isa = PBXFileReference; lastKnownFileType = sourcecode.swift; path = AnnotationModelTests.swift; sourceTree = "<group>"; };
		TB1000000000000000000002 /* AnnotationDocumentTests.swift */ = {isa = PBXFileReference; lastKnownFileType = sourcecode.swift; path = AnnotationDocumentTests.swift; sourceTree = "<group>"; };
		TB1000000000000000000003 /* OutputAndSettingsTests.swift */ = {isa = PBXFileReference; lastKnownFileType = sourcecode.swift; path = OutputAndSettingsTests.swift; sourceTree = "<group>"; };
		TF1000000000000000000001 /* rShotTests.xctest */ = {isa = PBXFileReference; explicitFileType = wrapper.cfbundle; includeInIndex = 0; path = rShotTests.xctest; sourceTree = BUILT_PRODUCTS_DIR; };
		B1000000000000000000000F /* Assets.xcassets */ = {isa = PBXFileReference; lastKnownFileType = folder.assetcatalog; path = Assets.xcassets; sourceTree = "<group>"; };
		B10000000000000000000010 /* rShot.app */ = {isa = PBXFileReference; explicitFileType = wrapper.application; includeInIndex = 0; path = rShot.app; sourceTree = BUILT_PRODUCTS_DIR; };
/* End PBXFileReference section */

/* Begin PBXFrameworksBuildPhase section */
		E1FE00000000000000000001 /* Frameworks */ = {
			isa = PBXFrameworksBuildPhase;
			buildActionMask = 2147483647;
			files = (
				A1FE00000000000000000001 /* KeyboardShortcuts in Frameworks */,
			);
			runOnlyForDeploymentPostprocessing = 0;
		};
/* End PBXFrameworksBuildPhase section */

/* Begin PBXGroup section */
		C10000000000000000000000 = {
			isa = PBXGroup;
			children = (
				C10000000000000000000001 /* rShot */,
				TC1000000000000000000001 /* rShotTests */,
				C10000000000000000000002 /* Products */,
			);
			sourceTree = "<group>";
		};
		C10000000000000000000001 /* rShot */ = {
			isa = PBXGroup;
			children = (
				B10000000000000000000001 /* rShotApp.swift */,
				C1000000000000000000000A /* App */,
				C1000000000000000000000B /* Capture */,
				C1000000000000000000000C /* Annotation */,
				C1000000000000000000000D /* OCR */,
				C1000000000000000000000E /* Output */,
				C1000000000000000000000F /* Settings */,
				B1000000000000000000000F /* Assets.xcassets */,
			);
			path = rShot;
			sourceTree = "<group>";
		};
		C10000000000000000000002 /* Products */ = {
			isa = PBXGroup;
			children = (
				B10000000000000000000010 /* rShot.app */,
				TF1000000000000000000001 /* rShotTests.xctest */,
			);
			name = Products;
			sourceTree = "<group>";
		};
		TC1000000000000000000001 /* rShotTests */ = {
			isa = PBXGroup;
			children = (
				TB1000000000000000000001 /* AnnotationModelTests.swift */,
				TB1000000000000000000002 /* AnnotationDocumentTests.swift */,
				TB1000000000000000000003 /* OutputAndSettingsTests.swift */,
			);
			path = rShotTests;
			sourceTree = "<group>";
		};
		C1000000000000000000000A /* App */ = {
			isa = PBXGroup;
			children = (
				B10000000000000000000002 /* AppState.swift */,
				B1BE00000000000000000001 /* ToastCenter.swift */,
				B1FE00000000000000000001 /* Hotkeys.swift */,
			);
			path = App;
			sourceTree = "<group>";
		};
		C1000000000000000000000B /* Capture */ = {
			isa = PBXGroup;
			children = (
				B10000000000000000000003 /* CaptureEngine.swift */,
				B10000000000000000000004 /* CaptureOverlay.swift */,
				B1FE00000000000000000002 /* WindowPicker.swift */,
			);
			path = Capture;
			sourceTree = "<group>";
		};
		C1000000000000000000000C /* Annotation */ = {
			isa = PBXGroup;
			children = (
				B10000000000000000000005 /* AnnotationModel.swift */,
				B10000000000000000000006 /* AnnotationDocument.swift */,
				B10000000000000000000008 /* CanvasView.swift */,
				B10000000000000000000009 /* EditorToolbar.swift */,
				B1BE00000000000000000003 /* MosaicRenderer.swift */,
			);
			path = Annotation;
			sourceTree = "<group>";
		};
		C1000000000000000000000D /* OCR */ = {
			isa = PBXGroup;
			children = (
				B1000000000000000000000A /* OCRService.swift */,
				B1000000000000000000000B /* OCRResultView.swift */,
				B1BE00000000000000000002 /* OCRPanelController.swift */,
			);
			path = OCR;
			sourceTree = "<group>";
		};
		C1000000000000000000000E /* Output */ = {
			isa = PBXGroup;
			children = (
				B1000000000000000000000C /* FileService.swift */,
			);
			path = Output;
			sourceTree = "<group>";
		};
		C1000000000000000000000F /* Settings */ = {
			isa = PBXGroup;
			children = (
				B1000000000000000000000D /* AppSettings.swift */,
				B1000000000000000000000E /* SettingsView.swift */,
			);
			path = Settings;
			sourceTree = "<group>";
		};
/* End PBXGroup section */

/* Begin PBXNativeTarget section */
		D10000000000000000000001 /* rShot */ = {
			isa = PBXNativeTarget;
			buildConfigurationList = F10000000000000000000002 /* Build configuration list for PBXNativeTarget "rShot" */;
			buildPhases = (
				E10000000000000000000001 /* Sources */,
				E1FE00000000000000000001 /* Frameworks */,
				E10000000000000000000002 /* Resources */,
			);
			buildRules = (
			);
			dependencies = (
			);
			packageProductDependencies = (
				A2FE00000000000000000001 /* KeyboardShortcuts */,
			);
			name = rShot;
			productName = rShot;
			productReference = B10000000000000000000010 /* rShot.app */;
			productType = "com.apple.product-type.application";
		};
/* End PBXNativeTarget section */

/* Begin PBXNativeTarget (tests) */
		TE1000000000000000000001 /* rShotTests */ = {
			isa = PBXNativeTarget;
			buildConfigurationList = TG1000000000000000000001 /* Build configuration list for PBXNativeTarget "rShotTests" */;
			buildPhases = (
				TD1000000000000000000001 /* Sources */,
			);
			buildRules = (
			);
			dependencies = (
			);
			name = rShotTests;
			packageProductDependencies = (
			);
			productName = rShotTests;
			productReference = TF1000000000000000000001 /* rShotTests.xctest */;
			productType = "com.apple.product-type.bundle.unit-test";
		};
/* End PBXNativeTarget (tests) section */

/* Begin PBXProject section */
		D10000000000000000000000 /* Project object */ = {
			isa = PBXProject;
			attributes = {
				BuildIndependentTargetsInParallel = YES;
				LastUpgradeCheck = 2700;
			};
			buildConfigurationList = F10000000000000000000001 /* Build configuration list for PBXProject "rShot" */;
			compatibilityVersion = "Xcode 14.0";
			developmentRegion = "zh-Hans";
			hasScannedForEncodings = 0;
			knownRegions = (
				"zh-Hans",
				Base,
				en,
			);
			mainGroup = C10000000000000000000000;
			packageReferences = (
				A3FE00000000000000000001 /* XCRemoteSwiftPackageReference "KeyboardShortcuts" */,
			);
			productRefGroup = C10000000000000000000002 /* Products */;
			projectDirPath = "";
			projectRoot = "";
			targets = (
				D10000000000000000000001 /* rShot */,
				TE1000000000000000000001 /* rShotTests */,
			);
		};
/* End PBXProject section */

/* Begin PBXResourcesBuildPhase section */
		E10000000000000000000002 /* Resources */ = {
			isa = PBXResourcesBuildPhase;
			buildActionMask = 2147483647;
			files = (
				A1000000000000000000000F /* Assets.xcassets in Resources */,
			);
			runOnlyForDeploymentPostprocessing = 0;
		};
/* End PBXResourcesBuildPhase section */

/* Begin PBXSourcesBuildPhase section */
		E10000000000000000000001 /* Sources */ = {
			isa = PBXSourcesBuildPhase;
			buildActionMask = 2147483647;
			files = (
				A10000000000000000000001 /* rShotApp.swift in Sources */,
				A10000000000000000000002 /* AppState.swift in Sources */,
				A10000000000000000000003 /* CaptureEngine.swift in Sources */,
				A10000000000000000000004 /* CaptureOverlay.swift in Sources */,
				A10000000000000000000005 /* AnnotationModel.swift in Sources */,
				A10000000000000000000006 /* AnnotationDocument.swift in Sources */,
				A10000000000000000000008 /* CanvasView.swift in Sources */,
				A10000000000000000000009 /* EditorToolbar.swift in Sources */,
				A1000000000000000000000A /* OCRService.swift in Sources */,
				A1000000000000000000000B /* OCRResultView.swift in Sources */,
				A1000000000000000000000C /* FileService.swift in Sources */,
				A1000000000000000000000D /* AppSettings.swift in Sources */,
				A1000000000000000000000E /* SettingsView.swift in Sources */,
				A1BE00000000000000000001 /* ToastCenter.swift in Sources */,
				A1FE00000000000000000002 /* Hotkeys.swift in Sources */,
				A1FE00000000000000000003 /* WindowPicker.swift in Sources */,
				A1BE00000000000000000002 /* OCRPanelController.swift in Sources */,
				A1BE00000000000000000003 /* MosaicRenderer.swift in Sources */,
			);
			runOnlyForDeploymentPostprocessing = 0;
		};
/* End PBXSourcesBuildPhase section */

/* Begin PBXSourcesBuildPhase (tests) */
		TD1000000000000000000001 /* Sources */ = {
			isa = PBXSourcesBuildPhase;
			buildActionMask = 2147483647;
			files = (
				TA1000000000000000000001 /* AnnotationModelTests.swift in Sources */,
				TA1000000000000000000002 /* AnnotationDocumentTests.swift in Sources */,
				TA1000000000000000000003 /* OutputAndSettingsTests.swift in Sources */,
			);
			runOnlyForDeploymentPostprocessing = 0;
		};
/* End PBXSourcesBuildPhase (tests) section */

/* Begin XCBuildConfiguration section */
		700000000000000000000001 /* Debug */ = {
			isa = XCBuildConfiguration;
			buildSettings = {
				ALWAYS_SEARCH_USER_PATHS = NO;
				CLANG_ANALYZER_LOCALIZABILITY_NONLOCALIZED = YES;
				CLANG_ANALYZER_NONNULL = YES;
				CLANG_ENABLE_MODULES = YES;
				CLANG_WARN_BLOCK_CAPTURE_AUTORELEASING = YES;
				CLANG_WARN_BOOL_CONVERSION = YES;
				CLANG_WARN_COMMA = YES;
				CLANG_WARN_CONSTANT_CONVERSION = YES;
				CLANG_WARN_DEPRECATED_OBJC_IMPLEMENTATIONS = YES;
				CLANG_WARN_EMPTY_BODY = YES;
				CLANG_WARN_ENUM_CONVERSION = YES;
				CLANG_WARN_INFINITE_RECURSION = YES;
				CLANG_WARN_INT_CONVERSION = YES;
				CLANG_WARN_NON_LITERAL_NULL_CONVERSION = YES;
				CLANG_WARN_OBJC_IMPLICIT_RETAIN_SELF = YES;
				CLANG_WARN_OBJC_LITERAL_CONVERSION = YES;
				CLANG_WARN_QUOTED_INCLUDE_IN_FRAMEWORK_HEADER = YES;
				CLANG_WARN_RANGE_LOOP_ANALYSIS = YES;
				CLANG_WARN_STRICT_PROTOTYPES = YES;
				CLANG_WARN_SUSPICIOUS_MOVE = YES;
				CLANG_WARN_UNREACHABLE_CODE = YES;
				CLANG_WARN__DUPLICATE_METHOD_MATCH = YES;
				COPY_PHASE_STRIP = NO;
				DEAD_CODE_STRIPPING = YES;
				DEBUG_INFORMATION_FORMAT = dwarf;
				DEVELOPMENT_TEAM = 389ERK8H32;
				ENABLE_STRICT_OBJC_MSGSEND = YES;
				ENABLE_TESTABILITY = YES;
				ENABLE_USER_SCRIPT_SANDBOXING = YES;
				GCC_NO_COMMON_BLOCKS = YES;
				GCC_OPTIMIZATION_LEVEL = 0;
				GCC_PREPROCESSOR_DEFINITIONS = (
					"DEBUG=1",
					"$(inherited)",
				);
				GCC_WARN_64_TO_32_BIT_CONVERSION = YES;
				GCC_WARN_ABOUT_RETURN_TYPE = YES;
				GCC_WARN_UNDECLARED_SELECTOR = YES;
				GCC_WARN_UNINITIALIZED_AUTOS = YES;
				GCC_WARN_UNUSED_FUNCTION = YES;
				GCC_WARN_UNUSED_VARIABLE = YES;
				MACOSX_DEPLOYMENT_TARGET = 14.0;
				ONLY_ACTIVE_ARCH = YES;
				SDKROOT = macosx;
				STRING_CATALOG_GENERATE_SYMBOLS = YES;
				SWIFT_ACTIVE_COMPILATION_CONDITIONS = "DEBUG $(inherited)";
				SWIFT_OPTIMIZATION_LEVEL = "-Onone";
				SWIFT_VERSION = 5.0;
			};
			name = Debug;
		};
		700000000000000000000002 /* Release */ = {
			isa = XCBuildConfiguration;
			buildSettings = {
				ALWAYS_SEARCH_USER_PATHS = NO;
				CLANG_ANALYZER_LOCALIZABILITY_NONLOCALIZED = YES;
				CLANG_ANALYZER_NONNULL = YES;
				CLANG_ENABLE_MODULES = YES;
				CLANG_WARN_BLOCK_CAPTURE_AUTORELEASING = YES;
				CLANG_WARN_BOOL_CONVERSION = YES;
				CLANG_WARN_COMMA = YES;
				CLANG_WARN_CONSTANT_CONVERSION = YES;
				CLANG_WARN_DEPRECATED_OBJC_IMPLEMENTATIONS = YES;
				CLANG_WARN_EMPTY_BODY = YES;
				CLANG_WARN_ENUM_CONVERSION = YES;
				CLANG_WARN_INFINITE_RECURSION = YES;
				CLANG_WARN_INT_CONVERSION = YES;
				CLANG_WARN_NON_LITERAL_NULL_CONVERSION = YES;
				CLANG_WARN_OBJC_IMPLICIT_RETAIN_SELF = YES;
				CLANG_WARN_OBJC_LITERAL_CONVERSION = YES;
				CLANG_WARN_QUOTED_INCLUDE_IN_FRAMEWORK_HEADER = YES;
				CLANG_WARN_RANGE_LOOP_ANALYSIS = YES;
				CLANG_WARN_STRICT_PROTOTYPES = YES;
				CLANG_WARN_SUSPICIOUS_MOVE = YES;
				CLANG_WARN_UNREACHABLE_CODE = YES;
				CLANG_WARN__DUPLICATE_METHOD_MATCH = YES;
				COPY_PHASE_STRIP = NO;
				DEAD_CODE_STRIPPING = YES;
				DEBUG_INFORMATION_FORMAT = "dwarf-with-dsym";
				DEVELOPMENT_TEAM = 389ERK8H32;
				ENABLE_NS_ASSERTIONS = NO;
				ENABLE_STRICT_OBJC_MSGSEND = YES;
				ENABLE_USER_SCRIPT_SANDBOXING = YES;
				GCC_NO_COMMON_BLOCKS = YES;
				GCC_OPTIMIZATION_LEVEL = s;
				GCC_WARN_64_TO_32_BIT_CONVERSION = YES;
				GCC_WARN_ABOUT_RETURN_TYPE = YES;
				GCC_WARN_UNDECLARED_SELECTOR = YES;
				GCC_WARN_UNINITIALIZED_AUTOS = YES;
				GCC_WARN_UNUSED_FUNCTION = YES;
				GCC_WARN_UNUSED_VARIABLE = YES;
				MACOSX_DEPLOYMENT_TARGET = 14.0;
				SDKROOT = macosx;
				STRING_CATALOG_GENERATE_SYMBOLS = YES;
				SWIFT_COMPILATION_MODE = wholemodule;
				SWIFT_VERSION = 5.0;
			};
			name = Release;
		};
		710000000000000000000001 /* Debug */ = {
			isa = XCBuildConfiguration;
			buildSettings = {
				ASSETCATALOG_COMPILER_APPICON_NAME = AppIcon;
				ASSETCATALOG_COMPILER_GLOBAL_ACCENT_COLOR_NAME = AccentColor;
				CLANG_ENABLE_OBJC_WEAK = YES;
				CODE_SIGN_ENTITLEMENTS = rShot/rShot.entitlements;
				CODE_SIGN_IDENTITY = "Apple Development";
				CODE_SIGN_STYLE = Automatic;
				COMBINE_HIDPI_IMAGES = YES;
				CURRENT_PROJECT_VERSION = 1;
				DEAD_CODE_STRIPPING = YES;
				ENABLE_HARDENED_RUNTIME = YES;
				GENERATE_INFOPLIST_FILE = NO;
				INFOPLIST_FILE = rShot/Info.plist;
				INFOPLIST_KEY_LSApplicationCategoryType = "public.app-category.utilities";
				INFOPLIST_KEY_NSPrincipalClass = NSApplication;
				LD_RUNPATH_SEARCH_PATHS = (
					"$(inherited)",
					"@executable_path/../Frameworks",
				);
				MARKETING_VERSION = 1.0;
				PRODUCT_BUNDLE_IDENTIFIER = com.rshot.app;
				PRODUCT_NAME = "$(TARGET_NAME)";
				PROVISIONING_PROFILE_SPECIFIER = "";
				SWIFT_EMIT_LOC_STRINGS = YES;
				SWIFT_VERSION = 5.0;
			};
			name = Debug;
		};
		710000000000000000000002 /* Release */ = {
			isa = XCBuildConfiguration;
			buildSettings = {
				ASSETCATALOG_COMPILER_APPICON_NAME = AppIcon;
				ASSETCATALOG_COMPILER_GLOBAL_ACCENT_COLOR_NAME = AccentColor;
				CLANG_ENABLE_OBJC_WEAK = YES;
				CODE_SIGN_ENTITLEMENTS = rShot/rShot.entitlements;
				CODE_SIGN_IDENTITY = "Apple Development";
				CODE_SIGN_STYLE = Automatic;
				COMBINE_HIDPI_IMAGES = YES;
				CURRENT_PROJECT_VERSION = 1;
				DEAD_CODE_STRIPPING = YES;
				ENABLE_HARDENED_RUNTIME = YES;
				GENERATE_INFOPLIST_FILE = NO;
				INFOPLIST_FILE = rShot/Info.plist;
				INFOPLIST_KEY_LSApplicationCategoryType = "public.app-category.utilities";
				INFOPLIST_KEY_NSPrincipalClass = NSApplication;
				LD_RUNPATH_SEARCH_PATHS = (
					"$(inherited)",
					"@executable_path/../Frameworks",
				);
				MARKETING_VERSION = 1.0;
				PRODUCT_BUNDLE_IDENTIFIER = com.rshot.app;
				PRODUCT_NAME = "$(TARGET_NAME)";
				PROVISIONING_PROFILE_SPECIFIER = "";
				SWIFT_EMIT_LOC_STRINGS = YES;
				SWIFT_VERSION = 5.0;
			};
			name = Release;
		};
/* End XCBuildConfiguration section */

/* Begin XCBuildConfiguration (tests) */
		TG1000000000000000000002 /* Debug */ = {
			isa = XCBuildConfiguration;
			buildSettings = {
				BUNDLE_LOADER = "$(TEST_HOST)";
				CODE_SIGN_STYLE = Automatic;
				CURRENT_PROJECT_VERSION = 1;
				DEVELOPMENT_TEAM = 389ERK8H32;
				GENERATE_INFOPLIST_FILE = YES;
				LD_RUNPATH_SEARCH_PATHS = (
					"$(inherited)",
					"@executable_path/../Frameworks",
					"@loader_path/../Frameworks",
				);
				MACOSX_DEPLOYMENT_TARGET = 14.0;
				MARKETING_VERSION = 1.0;
				PRODUCT_BUNDLE_IDENTIFIER = com.rshot.tests;
				PRODUCT_MODULE_NAME = rShotTests;
				PRODUCT_NAME = "$(TARGET_NAME)";
				SDKROOT = macosx;
				SWIFT_EMIT_LOC_STRINGS = NO;
				SWIFT_VERSION = 5.0;
				TEST_HOST = "$(BUILT_PRODUCTS_DIR)/rShot.app/Contents/MacOS/rShot";
				WRAPPER_EXTENSION = xctest;
			};
			name = Debug;
		};
		TG1000000000000000000003 /* Release */ = {
			isa = XCBuildConfiguration;
			buildSettings = {
				BUNDLE_LOADER = "$(TEST_HOST)";
				CODE_SIGN_STYLE = Automatic;
				CURRENT_PROJECT_VERSION = 1;
				DEVELOPMENT_TEAM = 389ERK8H32;
				GENERATE_INFOPLIST_FILE = YES;
				LD_RUNPATH_SEARCH_PATHS = (
					"$(inherited)",
					"@executable_path/../Frameworks",
					"@loader_path/../Frameworks",
				);
				MACOSX_DEPLOYMENT_TARGET = 14.0;
				MARKETING_VERSION = 1.0;
				PRODUCT_BUNDLE_IDENTIFIER = com.rshot.tests;
				PRODUCT_MODULE_NAME = rShotTests;
				PRODUCT_NAME = "$(TARGET_NAME)";
				SDKROOT = macosx;
				SWIFT_EMIT_LOC_STRINGS = NO;
				SWIFT_VERSION = 5.0;
				TEST_HOST = "$(BUILT_PRODUCTS_DIR)/rShot.app/Contents/MacOS/rShot";
				WRAPPER_EXTENSION = xctest;
			};
			name = Release;
		};
/* End XCBuildConfiguration (tests) section */

/* Begin XCConfigurationList section */
		F10000000000000000000001 /* Build configuration list for PBXProject "rShot" */ = {
			isa = XCConfigurationList;
			buildConfigurations = (
				700000000000000000000001 /* Debug */,
				700000000000000000000002 /* Release */,
			);
			defaultConfigurationIsVisible = 0;
			defaultConfigurationName = Release;
		};
		F10000000000000000000002 /* Build configuration list for PBXNativeTarget "rShot" */ = {
			isa = XCConfigurationList;
			buildConfigurations = (
				710000000000000000000001 /* Debug */,
				710000000000000000000002 /* Release */,
			);
			defaultConfigurationIsVisible = 0;
			defaultConfigurationName = Release;
		};
/* End XCConfigurationList section */

/* Begin XCConfigurationList (tests) */
		TG1000000000000000000001 /* Build configuration list for PBXNativeTarget "rShotTests" */ = {
			isa = XCConfigurationList;
			buildConfigurations = (
				TG1000000000000000000002 /* Debug */,
				TG1000000000000000000003 /* Release */,
			);
			defaultConfigurationIsVisible = 0;
			defaultConfigurationName = Release;
		};
/* End XCConfigurationList (tests) section */

/* Begin XCRemoteSwiftPackageReference section */
		A3FE00000000000000000001 /* XCRemoteSwiftPackageReference "KeyboardShortcuts" */ = {
			isa = XCRemoteSwiftPackageReference;
			repositoryURL = "https://github.com/sindresorhus/KeyboardShortcuts";
			requirement = {
				kind = upToNextMajorVersion;
				minimumVersion = 2.0.0;
			};
		};
/* End XCRemoteSwiftPackageReference section */

/* Begin XCSwiftPackageProductDependency section */
		A2FE00000000000000000001 /* KeyboardShortcuts */ = {
			isa = XCSwiftPackageProductDependency;
			package = A3FE00000000000000000001 /* XCRemoteSwiftPackageReference "KeyboardShortcuts" */;
			productName = KeyboardShortcuts;
		};
/* End XCSwiftPackageProductDependency section */
	};
	rootObject = D10000000000000000000000 /* Project object */;
}
